
Microsoft Visual Studio Solution File, Format Version 12.00
# Visual Studio 14
VisualStudioVersion = 14.0.25123.0
MinimumVisualStudioVersion = 10.0.40219.1
Project("{FAE04EC0-301F-11D3-BF4B-00C04F79EFBC}") = "ThreeSum", "ThreeSum\ThreeSum.csproj", "{F5FE33E2-7439-49B7-8F2F-043F185AA2AD}"
EndProject
Project("{FAE04EC0-301F-11D3-BF4B-00C04F79EFBC}") = "StackAPI", "StackAPI\StackAPI.csproj", "{DE846353-81CD-4E57-B1DD-ED642460236D}"
EndProject
Project("{FAE04EC0-301F-11D3-BF4B-00C04F79EFBC}") = "ArraysAndStrings", "ArraysAndStrings\ArraysAndStrings.csproj", "{D6B37178-E4D8-4DF7-A68B-8A453FDE4C93}"
EndProject
Project("{FAE04EC0-301F-11D3-BF4B-00C04F79EFBC}") = "BinaryTree", "BinaryTree\BinaryTree.csproj", "{B555618F-8EE0-4A58-8CB4-92FEB3C22026}"
EndProject
Project("{FAE04EC0-301F-11D3-BF4B-00C04F79EFBC}") = "MergeSort", "MergeSort\MergeSort.csproj", "{288B2F9D-A105-456A-A063-DA833C273114}"
EndProject
Project("{FAE04EC0-301F-11D3-BF4B-00C04F79EFBC}") = "Extensions", "Extensions\Extensions.csproj", "{E6755DC8-2FCF-4758-A4C3-0C024B28474B}"
EndProject
Project("{FAE04EC0-301F-11D3-BF4B-00C04F79EFBC}") = "Exercises", "Exercises\Exercises.csproj", "{9E892FCA-AE59-4A09-A5E7-AFDBEAA29862}"
EndProject
Global
	GlobalSection(SolutionConfigurationPlatforms) = preSolution
		Debug|Any CPU = Debug|Any CPU
		Release|Any CPU = Release|Any CPU
	EndGlobalSection
	GlobalSection(ProjectConfigurationPlatforms) = postSolution
		{F5FE33E2-7439-49B7-8F2F-043F185AA2AD}.Debug|Any CPU.ActiveCfg = Debug|Any CPU
		{F5FE33E2-7439-49B7-8F2F-043F185AA2AD}.Debug|Any CPU.Build.0 = Debug|Any CPU
		{F5FE33E2-7439-49B7-8F2F-043F185AA2AD}.Release|Any CPU.ActiveCfg = Release|Any CPU
		{F5FE33E2-7439-49B7-8F2F-043F185AA2AD}.Release|Any CPU.Build.0 = Release|Any CPU
		{DE846353-81CD-4E57-B1DD-ED642460236D}.Debug|Any CPU.ActiveCfg = Debug|Any CPU
		{DE846353-81CD-4E57-B1DD-ED642460236D}.Debug|Any CPU.Build.0 = Debug|Any CPU
		{DE846353-81CD-4E57-B1DD-ED642460236D}.Release|Any CPU.ActiveCfg = Release|Any CPU
		{DE846353-81CD-4E57-B1DD-ED642460236D}.Release|Any CPU.Build.0 = Release|Any CPU
		{D6B37178-E4D8-4DF7-A68B-8A453FDE4C93}.Debug|Any CPU.ActiveCfg = Debug|Any CPU
		{D6B37178-E4D8-4DF7-A68B-8A453FDE4C93}.Debug|Any CPU.Build.0 = Debug|Any CPU
		{D6B37178-E4D8-4DF7-A68B-8A453FDE4C93}.Release|Any CPU.ActiveCfg = Release|Any CPU
		{D6B37178-E4D8-4DF7-A68B-8A453FDE4C93}.Release|Any CPU.Build.0 = Release|Any CPU
		{B555618F-8EE0-4A58-8CB4-92FEB3C22026}.Debug|Any CPU.ActiveCfg = Debug|Any CPU
		{B555618F-8EE0-4A58-8CB4-92FEB3C22026}.Debug|Any CPU.Build.0 = Debug|Any CPU
		{B555618F-8EE0-4A58-8CB4-92FEB3C22026}.Release|Any CPU.ActiveCfg = Release|Any CPU
		{B555618F-8EE0-4A58-8CB4-92FEB3C22026}.Release|Any CPU.Build.0 = Release|Any CPU
		{288B2F9D-A105-456A-A063-DA833C273114}.Debug|Any CPU.ActiveCfg = Debug|Any CPU
		{288B2F9D-A105-456A-A063-DA833C273114}.Debug|Any CPU.Build.0 = Debug|Any CPU
		{288B2F9D-A105-456A-A063-DA833C273114}.Release|Any CPU.ActiveCfg = Release|Any CPU
		{288B2F9D-A105-456A-A063-DA833C273114}.Release|Any CPU.Build.0 = Release|Any CPU
		{E6755DC8-2FCF-4758-A4C3-0C024B28474B}.Debug|Any CPU.ActiveCfg = Debug|Any CPU
		{E6755DC8-2FCF-4758-A4C3-0C024B28474B}.Debug|Any CPU.Build.0 = Debug|Any CPU
		{E6755DC8-2FCF-4758-A4C3-0C024B28474B}.Release|Any CPU.ActiveCfg = Release|Any CPU
		{E6755DC8-2FCF-4758-A4C3-0C024B28474B}.Release|Any CPU.Build.0 = Release|Any CPU
		{9E892FCA-AE59-4A09-A5E7-AFDBEAA29862}.Debug|Any CPU.ActiveCfg = Debug|Any CPU
		{9E892FCA-AE59-4A09-A5E7-AFDBEAA29862}.Debug|Any CPU.Build.0 = Debug|Any CPU
		{9E892FCA-AE59-4A09-A5E7-AFDBEAA29862}.Release|Any CPU.ActiveCfg = Release|Any CPU
		{9E892FCA-AE59-4A09-A5E7-AFDBEAA29862}.Release|Any CPU.Build.0 = Release|Any CPU
	EndGlobalSection
	GlobalSection(SolutionProperties) = preSolution
		HideSolutionNode = FALSE
	EndGlobalSection
EndGlobal
